// !$*UTF8*$!
{
	archiveVersion = 1;
	classes = {
	};
	objectVersion = 56;
	objects = {

/* Begin PBXBuildFile section */
		7C1967092A8B670300F1FBA4 /* AppDelegate.swift in Sources */ = {isa = PBXBuildFile; fileRef = 7C1967082A8B670300F1FBA4 /* AppDelegate.swift */; };
		7C19670B2A8B670300F1FBA4 /* SceneDelegate.swift in Sources */ = {isa = PBXBuildFile; fileRef = 7C19670A2A8B670300F1FBA4 /* SceneDelegate.swift */; };
		7C19670D2A8B670300F1FBA4 /* ViewController.swift in Sources */ = {isa = PBXBuildFile; fileRef = 7C19670C2A8B670300F1FBA4 /* ViewController.swift */; };
		7C1967102A8B670300F1FBA4 /* Main.storyboard in Resources */ = {isa = PBXBuildFile; fileRef = 7C19670E2A8B670300F1FBA4 /* Main.storyboard */; };
		7C1967122A8B670400F1FBA4 /* Assets.xcassets in Resources */ = {isa = PBXBuildFile; fileRef = 7C1967112A8B670400F1FBA4 /* Assets.xcassets */; };
		7C1967152A8B670400F1FBA4 /* LaunchScreen.storyboard in Resources */ = {isa = PBXBuildFile; fileRef = 7C1967132A8B670400F1FBA4 /* LaunchScreen.storyboard */; };
		7C1967232A8B68A600F1FBA4 /* VideoResourceLoaderDelegate.swift in Sources */ = {isa = PBXBuildFile; fileRef = 7C1967222A8B68A600F1FBA4 /* VideoResourceLoaderDelegate.swift */; };
		7C1967252A8B68C500F1FBA4 /* VideoManager.swift in Sources */ = {isa = PBXBuildFile; fileRef = 7C1967242A8B68C500F1FBA4 /* VideoManager.swift */; };
/* End PBXBuildFile section */

/* Begin PBXFileReference section */
		7C1967052A8B670300F1FBA4 /* CachedVideos.app */ = {isa = PBXFileReference; explicitFileType = wrapper.application; includeInIndex = 0; path = CachedVideos.app; sourceTree = BUILT_PRODUCTS_DIR; };
		7C1967082A8B670300F1FBA4 /* AppDelegate.swift */ = {isa = PBXFileReference; lastKnownFileType = sourcecode.swift; path = AppDelegate.swift; sourceTree = "<group>"; };
		7C19670A2A8B670300F1FBA4 /* SceneDelegate.swift */ = {isa = PBXFileReference; lastKnownFileType = sourcecode.swift; path = SceneDelegate.swift; sourceTree = "<group>"; };
		7C19670C2A8B670300F1FBA4 /* ViewController.swift */ = {isa = PBXFileReference; lastKnownFileType = sourcecode.swift; path = ViewController.swift; sourceTree = "<group>"; };
		7C19670F2A8B670300F1FBA4 /* Base */ = {isa = PBXFileReference; lastKnownFileType = file.storyboard; name = Base; path = Base.lproj/Main.storyboard; sourceTree = "<group>"; };
		7C1967112A8B670400F1FBA4 /* Assets.xcassets */ = {isa = PBXFileReference; lastKnownFileType = folder.assetcatalog; path = Assets.xcassets; sourceTree = "<group>"; };
		7C1967142A8B670400F1FBA4 /* Base */ = {isa = PBXFileReference; lastKnownFileType = file.storyboard; name = Base; path = Base.lproj/LaunchScreen.storyboard; sourceTree = "<group>"; };
		7C1967162A8B670400F1FBA4 /* Info.plist */ = {isa = PBXFileReference; lastKnownFileType = text.plist.xml; path = Info.plist; sourceTree = "<group>"; };
		7C1967222A8B68A600F1FBA4 /* VideoResourceLoaderDelegate.swift */ = {isa = PBXFileReference; lastKnownFileType = sourcecode.swift; path = VideoResourceLoaderDelegate.swift; sourceTree = "<group>"; };
		7C1967242A8B68C500F1FBA4 /* VideoManager.swift */ = {isa = PBXFileReference; lastKnownFileType = sourcecode.swift; path = VideoManager.swift; sourceTree = "<group>"; };
/* End PBXFileReference section */

/* Begin PBXFrameworksBuildPhase section */
		7C1967022A8B670300F1FBA4 /* Frameworks */ = {
			isa = PBXFrameworksBuildPhase;
			buildActionMask = 2147483647;
			files = (
			);
			runOnlyForDeploymentPostprocessing = 0;
		};
/* End PBXFrameworksBuildPhase section */

/* Begin PBXGroup section */
		7C1966FC2A8B670300F1FBA4 = {
			isa = PBXGroup;
			children = (
				7C1967072A8B670300F1FBA4 /* CachedVideos */,
				7C1967062A8B670300F1FBA4 /* Products */,
			);
			sourceTree = "<group>";
		};
		7C1967062A8B670300F1FBA4 /* Products */ = {
			isa = PBXGroup;
			children = (
				7C1967052A8B670300F1FBA4 /* CachedVideos.app */,
			);
			name = Products;
			sourceTree = "<group>";
		};
		7C1967072A8B670300F1FBA4 /* CachedVideos */ = {
			isa = PBXGroup;
			children = (
				7C1967212A8B688E00F1FBA4 /* VideoManager */,
				7C1967082A8B670300F1FBA4 /* AppDelegate.swift */,
				7C19670A2A8B670300F1FBA4 /* SceneDelegate.swift */,
				7C19670C2A8B670300F1FBA4 /* ViewController.swift */,
				7C19670E2A8B670300F1FBA4 /* Main.storyboard */,
				7C1967112A8B670400F1FBA4 /* Assets.xcassets */,
				7C1967132A8B670400F1FBA4 /* LaunchScreen.storyboard */,
				7C1967162A8B670400F1FBA4 /* Info.plist */,
			);
			path = CachedVideos;
			sourceTree = "<group>";
		};
		7C1967212A8B688E00F1FBA4 /* VideoManager */ = {
			isa = PBXGroup;
			children = (
				7C1967222A8B68A600F1FBA4 /* VideoResourceLoaderDelegate.swift */,
				7C1967242A8B68C500F1FBA4 /* VideoManager.swift */,
			);
			path = VideoManager;
			sourceTree = "<group>";
		};
/* End PBXGroup section */

/* Begin PBXNativeTarget section */
		7C1967042A8B670300F1FBA4 /* CachedVideos */ = {
			isa = PBXNativeTarget;
			buildConfigurationList = 7C1967192A8B670400F1FBA4 /* Build configuration list for PBXNativeTarget "CachedVideos" */;
			buildPhases = (
				7C1967012A8B670300F1FBA4 /* Sources */,
				7C1967022A8B670300F1FBA4 /* Frameworks */,
				7C1967032A8B670300F1FBA4 /* Resources */,
			);
			buildRules = (
			);
			dependencies = (
			);
			name = CachedVideos;
			productName = CachedVideos;
			productReference = 7C1967052A8B670300F1FBA4 /* CachedVideos.app */;
			productType = "com.apple.product-type.application";
		};
/* End PBXNativeTarget section */

/* Begin PBXProject section */
		7C1966FD2A8B670300F1FBA4 /* Project object */ = {
			isa = PBXProject;
			attributes = {
				BuildIndependentTargetsInParallel = 1;
				LastSwiftUpdateCheck = 1430;
				LastUpgradeCheck = 1430;
				TargetAttributes = {
					7C1967042A8B670300F1FBA4 = {
						CreatedOnToolsVersion = 14.3.1;
					};
				};
			};
			buildConfigurationList = 7C1967002A8B670300F1FBA4 /* Build configuration list for PBXProject "CachedVideos" */;
			compatibilityVersion = "Xcode 14.0";
			developmentRegion = en;
			hasScannedForEncodings = 0;
			knownRegions = (
				en,
				Base,
			);
			mainGroup = 7C1966FC2A8B670300F1FBA4;
			productRefGroup = 7C1967062A8B670300F1FBA4 /* Products */;
			projectDirPath = "";
			projectRoot = "";
			targets = (
				7C1967042A8B670300F1FBA4 /* CachedVideos */,
			);
		};
/* End PBXProject section */

/* Begin PBXResourcesBuildPhase section */
		7C1967032A8B670300F1FBA4 /* Resources */ = {
			isa = PBXResourcesBuildPhase;
			buildActionMask = 2147483647;
			files = (
				7C1967152A8B670400F1FBA4 /* LaunchScreen.storyboard in Resources */,
				7C1967122A8B670400F1FBA4 /* Assets.xcassets in Resources */,
				7C1967102A8B670300F1FBA4 /* Main.storyboard in Resources */,
			);
			runOnlyForDeploymentPostprocessing = 0;
		};
/* End PBXResourcesBuildPhase section */

/* Begin PBXSourcesBuildPhase section */
		7C1967012A8B670300F1FBA4 /* Sources */ = {
			isa = PBXSourcesBuildPhase;
			buildActionMask = 2147483647;
			files = (
				7C19670D2A8B670300F1FBA4 /* ViewController.swift in Sources */,
				7C1967092A8B670300F1FBA4 /* AppDelegate.swift in Sources */,
				7C1967252A8B68C500F1FBA4 /* VideoManager.swift in Sources */,
				7C19670B2A8B670300F1FBA4 /* SceneDelegate.swift in Sources */,
				7C1967232A8B68A600F1FBA4 /* VideoResourceLoaderDelegate.swift in Sources */,
			);
			runOnlyForDeploymentPostprocessing = 0;
		};
/* End PBXSourcesBuildPhase section */

/* Begin PBXVariantGroup section */
		7C19670E2A8B670300F1FBA4 /* Main.storyboard */ = {
			isa = PBXVariantGroup;
			children = (
				7C19670F2A8B670300F1FBA4 /* Base */,
			);
			name = Main.storyboard;
			sourceTree = "<group>";
		};
		7C1967132A8B670400F1FBA4 /* LaunchScreen.storyboard */ = {
			isa = PBXVariantGroup;
			children = (
				7C1967142A8B670400F1FBA4 /* Base */,
			);
			name = LaunchScreen.storyboard;
			sourceTree = "<group>";
		};
/* End PBXVariantGroup section */

/* Begin XCBuildConfiguration section */
		7C1967172A8B670400F1FBA4 /* Debug */ = {
			isa = XCBuildConfiguration;
			buildSettings = {
				ALWAYS_SEARCH_USER_PATHS = NO;
				CLANG_ANALYZER_NONNULL = YES;
				CLANG_ANALYZER_NUMBER_OBJECT_CONVERSION = YES_AGGRESSIVE;
				CLANG_CXX_LANGUAGE_STANDARD = "gnu++20";
				CLANG_ENABLE_MODULES = YES;
				CLANG_ENABLE_OBJC_ARC = YES;
				CLANG_ENABLE_OBJC_WEAK = YES;
				CLANG_WARN_BLOCK_CAPTURE_AUTORELEASING = YES;
				CLANG_WARN_BOOL_CONVERSION = YES;
				CLANG_WARN_COMMA = YES;
				CLANG_WARN_CONSTANT_CONVERSION = YES;
				CLANG_WARN_DEPRECATED_OBJC_IMPLEMENTATIONS = YES;
				CLANG_WARN_DIRECT_OBJC_ISA_USAGE = YES_ERROR;
				CLANG_WARN_DOCUMENTATION_COMMENTS = YES;
				CLANG_WARN_EMPTY_BODY = YES;
				CLANG_WARN_ENUM_CONVERSION = YES;
				CLANG_WARN_INFINITE_RECURSION = YES;
				CLANG_WARN_INT_CONVERSION = YES;
				CLANG_WARN_NON_LITERAL_NULL_CONVERSION = YES;
				CLANG_WARN_OBJC_IMPLICIT_RETAIN_SELF = YES;
				CLANG_WARN_OBJC_LITERAL_CONVERSION = YES;
				CLANG_WARN_OBJC_ROOT_CLASS = YES_ERROR;
				CLANG_WARN_QUOTED_INCLUDE_IN_FRAMEWORK_HEADER = YES;
				CLANG_WARN_RANGE_LOOP_ANALYSIS = YES;
				CLANG_WARN_STRICT_PROTOTYPES = YES;
				CLANG_WARN_SUSPICIOUS_MOVE = YES;
				CLANG_WARN_UNGUARDED_AVAILABILITY = YES_AGGRESSIVE;
				CLANG_WARN_UNREACHABLE_CODE = YES;
				CLANG_WARN__DUPLICATE_METHOD_MATCH = YES;
				COPY_PHASE_STRIP = NO;
				DEBUG_INFORMATION_FORMAT = dwarf;
				ENABLE_STRICT_OBJC_MSGSEND = YES;
				ENABLE_TESTABILITY = YES;
				GCC_C_LANGUAGE_STANDARD = gnu11;
				GCC_DYNAMIC_NO_PIC = NO;
				GCC_NO_COMMON_BLOCKS = YES;
				GCC_OPTIMIZATION_LEVEL = 0;
				GCC_PREPROCESSOR_DEFINITIONS = (
					"DEBUG=1",
					"$(inherited)",
				);
				GCC_WARN_64_TO_32_BIT_CONVERSION = YES;
				GCC_WARN_ABOUT_RETURN_TYPE = YES_ERROR;
				GCC_WARN_UNDECLARED_SELECTOR = YES;
				GCC_WARN_UNINITIALIZED_AUTOS = YES_AGGRESSIVE;
				GCC_WARN_UNUSED_FUNCTION = YES;
				GCC_WARN_UNUSED_VARIABLE = YES;
				IPHONEOS_DEPLOYMENT_TARGET = 16.4;
				MTL_ENABLE_DEBUG_INFO = INCLUDE_SOURCE;
				MTL_FAST_MATH = YES;
				ONLY_ACTIVE_ARCH = YES;
				SDKROOT = iphoneos;
				SWIFT_ACTIVE_COMPILATION_CONDITIONS = DEBUG;
				SWIFT_OPTIMIZATION_LEVEL = "-Onone";
			};
			name = Debug;
		};
		7C1967182A8B670400F1FBA4 /* Release */ = {
			isa = XCBuildConfiguration;
			buildSettings = {
				ALWAYS_SEARCH_USER_PATHS = NO;
				CLANG_ANALYZER_NONNULL = YES;
				CLANG_ANALYZER_NUMBER_OBJECT_CONVERSION = YES_AGGRESSIVE;
				CLANG_CXX_LANGUAGE_STANDARD = "gnu++20";
				CLANG_ENABLE_MODULES = YES;
				CLANG_ENABLE_OBJC_ARC = YES;
				CLANG_ENABLE_OBJC_WEAK = YES;
				CLANG_WARN_BLOCK_CAPTURE_AUTORELEASING = YES;
				CLANG_WARN_BOOL_CONVERSION = YES;
				CLANG_WARN_COMMA = YES;
				CLANG_WARN_CONSTANT_CONVERSION = YES;
				CLANG_WARN_DEPRECATED_OBJC_IMPLEMENTATIONS = YES;
				CLANG_WARN_DIRECT_OBJC_ISA_USAGE = YES_ERROR;
				CLANG_WARN_DOCUMENTATION_COMMENTS = YES;
				CLANG_WARN_EMPTY_BODY = YES;
				CLANG_WARN_ENUM_CONVERSION = YES;
				CLANG_WARN_INFINITE_RECURSION = YES;
				CLANG_WARN_INT_CONVERSION = YES;
				CLANG_WARN_NON_LITERAL_NULL_CONVERSION = YES;
				CLANG_WARN_OBJC_IMPLICIT_RETAIN_SELF = YES;
				CLANG_WARN_OBJC_LITERAL_CONVERSION = YES;
				CLANG_WARN_OBJC_ROOT_CLASS = YES_ERROR;
				CLANG_WARN_QUOTED_INCLUDE_IN_FRAMEWORK_HEADER = YES;
				CLANG_WARN_RANGE_LOOP_ANALYSIS = YES;
				CLANG_WARN_STRICT_PROTOTYPES = YES;
				CLANG_WARN_SUSPICIOUS_MOVE = YES;
				CLANG_WARN_UNGUARDED_AVAILABILITY = YES_AGGRESSIVE;
				CLANG_WARN_UNREACHABLE_CODE = YES;
				CLANG_WARN__DUPLICATE_METHOD_MATCH = YES;
				COPY_PHASE_STRIP = NO;
				DEBUG_INFORMATION_FORMAT = "dwarf-with-dsym";
				ENABLE_NS_ASSERTIONS = NO;
				ENABLE_STRICT_OBJC_MSGSEND = YES;
				GCC_C_LANGUAGE_STANDARD = gnu11;
				GCC_NO_COMMON_BLOCKS = YES;
				GCC_WARN_64_TO_32_BIT_CONVERSION = YES;
				GCC_WARN_ABOUT_RETURN_TYPE = YES_ERROR;
				GCC_WARN_UNDECLARED_SELECTOR = YES;
				GCC_WARN_UNINITIALIZED_AUTOS = YES_AGGRESSIVE;
				GCC_WARN_UNUSED_FUNCTION = YES;
				GCC_WARN_UNUSED_VARIABLE = YES;
				IPHONEOS_DEPLOYMENT_TARGET = 16.4;
				MTL_ENABLE_DEBUG_INFO = NO;
				MTL_FAST_MATH = YES;
				SDKROOT = iphoneos;
				SWIFT_COMPILATION_MODE = wholemodule;
				SWIFT_OPTIMIZATION_LEVEL = "-O";
				VALIDATE_PRODUCT = YES;
			};
			name = Release;
		};
		7C19671A2A8B670400F1FBA4 /* Debug */ = {
			isa = XCBuildConfiguration;
			buildSettings = {
				ASSETCATALOG_COMPILER_APPICON_NAME = AppIcon;
				ASSETCATALOG_COMPILER_GLOBAL_ACCENT_COLOR_NAME = AccentColor;
				CODE_SIGN_STYLE = Automatic;
				CURRENT_PROJECT_VERSION = 1;
				DEVELOPMENT_TEAM = VRMKYRCN57;
				GENERATE_INFOPLIST_FILE = YES;
				INFOPLIST_FILE = CachedVideos/Info.plist;
				INFOPLIST_KEY_UIApplicationSupportsIndirectInputEvents = YES;
				INFOPLIST_KEY_UILaunchStoryboardName = LaunchScreen;
				INFOPLIST_KEY_UIMainStoryboardFile = Main;
				INFOPLIST_KEY_UISupportedInterfaceOrientations_iPad = "UIInterfaceOrientationPortrait UIInterfaceOrientationPortraitUpsideDown UIInterfaceOrientationLandscapeLeft UIInterfaceOrientationLandscapeRight";
				INFOPLIST_KEY_UISupportedInterfaceOrientations_iPhone = "UIInterfaceOrientationPortrait UIInterfaceOrientationLandscapeLeft UIInterfaceOrientationLandscapeRight";
				IPHONEOS_DEPLOYMENT_TARGET = 16.0;
				LD_RUNPATH_SEARCH_PATHS = (
					"$(inherited)",
					"@executable_path/Frameworks",
				);
				MARKETING_VERSION = 1.0;
				PRODUCT_BUNDLE_IDENTIFIER = ua.mark.CachedVideos;
				PRODUCT_NAME = "$(TARGET_NAME)";
				SWIFT_EMIT_LOC_STRINGS = YES;
				SWIFT_VERSION = 5.0;
				TARGETED_DEVICE_FAMILY = "1,2";
			};
			name = Debug;
		};
		7C19671B2A8B670400F1FBA4 /* Release */ = {
			isa = XCBuildConfiguration;
			buildSettings = {
				ASSETCATALOG_COMPILER_APPICON_NAME = AppIcon;
				ASSETCATALOG_COMPILER_GLOBAL_ACCENT_COLOR_NAME = AccentColor;
				CODE_SIGN_STYLE = Automatic;
				CURRENT_PROJECT_VERSION = 1;
				DEVELOPMENT_TEAM = VRMKYRCN57;
				GENERATE_INFOPLIST_FILE = YES;
				INFOPLIST_FILE = CachedVideos/Info.plist;
				INFOPLIST_KEY_UIApplicationSupportsIndirectInputEvents = YES;
				INFOPLIST_KEY_UILaunchStoryboardName = LaunchScreen;
				INFOPLIST_KEY_UIMainStoryboardFile = Main;
				INFOPLIST_KEY_UISupportedInterfaceOrientations_iPad = "UIInterfaceOrientationPortrait UIInterfaceOrientationPortraitUpsideDown UIInterfaceOrientationLandscapeLeft UIInterfaceOrientationLandscapeRight";
				INFOPLIST_KEY_UISupportedInterfaceOrientations_iPhone = "UIInterfaceOrientationPortrait UIInterfaceOrientationLandscapeLeft UIInterfaceOrientationLandscapeRight";
				IPHONEOS_DEPLOYMENT_TARGET = 16.0;
				LD_RUNPATH_SEARCH_PATHS = (
					"$(inherited)",
					"@executable_path/Frameworks",
				);
				MARKETING_VERSION = 1.0;
				PRODUCT_BUNDLE_IDENTIFIER = ua.mark.CachedVideos;
				PRODUCT_NAME = "$(TARGET_NAME)";
				SWIFT_EMIT_LOC_STRINGS = YES;
				SWIFT_VERSION = 5.0;
				TARGETED_DEVICE_FAMILY = "1,2";
			};
			name = Release;
		};
/* End XCBuildConfiguration section */

/* Begin XCConfigurationList section */
		7C1967002A8B670300F1FBA4 /* Build configuration list for PBXProject "CachedVideos" */ = {
			isa = XCConfigurationList;
			buildConfigurations = (
				7C1967172A8B670400F1FBA4 /* Debug */,
				7C1967182A8B670400F1FBA4 /* Release */,
			);
			defaultConfigurationIsVisible = 0;
			defaultConfigurationName = Release;
		};
		7C1967192A8B670400F1FBA4 /* Build configuration list for PBXNativeTarget "CachedVideos" */ = {
			isa = XCConfigurationList;
			buildConfigurations = (
				7C19671A2A8B670400F1FBA4 /* Debug */,
				7C19671B2A8B670400F1FBA4 /* Release */,
			);
			defaultConfigurationIsVisible = 0;
			defaultConfigurationName = Release;
		};
/* End XCConfigurationList section */
	};
	rootObject = 7C1966FD2A8B670300F1FBA4 /* Project object */;
}
